
Microsoft Visual Studio Solution File, Format Version 12.00
# Visual Studio 15
VisualStudioVersion = 15.0.26730.15
MinimumVisualStudioVersion = 10.0.40219.1
Project("{FAE04EC0-301F-11D3-BF4B-00C04F79EFBC}") = "DitectYukaKurageDevice", "DitectYukaKurageDevice\DitectYukaKurageDevice.csproj", "{54882B63-F7AE-4120-B46A-1C5815C2D19D}"
EndProject
Project("{FAE04EC0-301F-11D3-BF4B-00C04F79EFBC}") = "YukaKurageControl", "YukaKurageControl\YukaKurageControl.csproj", "{6ECF518C-6CFF-44F9-95DD-24B5776F70CD}"
EndProject
Project("{FAE04EC0-301F-11D3-BF4B-00C04F79EFBC}") = "HackingTerminal", "HackingTerminal\HackingTerminal.csproj", "{C0109BC2-0EE2-400D-966E-A91B296E46FD}"
EndProject
Global
	GlobalSection(SolutionConfigurationPlatforms) = preSolution
		Debug|Any CPU = Debug|Any CPU
		Release|Any CPU = Release|Any CPU
	EndGlobalSection
	GlobalSection(ProjectConfigurationPlatforms) = postSolution
		{54882B63-F7AE-4120-B46A-1C5815C2D19D}.Debug|Any CPU.ActiveCfg = Debug|Any CPU
		{54882B63-F7AE-4120-B46A-1C5815C2D19D}.Debug|Any CPU.Build.0 = Debug|Any CPU
		{54882B63-F7AE-4120-B46A-1C5815C2D19D}.Release|Any CPU.ActiveCfg = Release|Any CPU
		{54882B63-F7AE-4120-B46A-1C5815C2D19D}.Release|Any CPU.Build.0 = Release|Any CPU
		{6ECF518C-6CFF-44F9-95DD-24B5776F70CD}.Debug|Any CPU.ActiveCfg = Debug|Any CPU
		{6ECF518C-6CFF-44F9-95DD-24B5776F70CD}.Debug|Any CPU.Build.0 = Debug|Any CPU
		{6ECF518C-6CFF-44F9-95DD-24B5776F70CD}.Release|Any CPU.ActiveCfg = Release|Any CPU
		{6ECF518C-6CFF-44F9-95DD-24B5776F70CD}.Release|Any CPU.Build.0 = Release|Any CPU
		{C0109BC2-0EE2-400D-966E-A91B296E46FD}.Debug|Any CPU.ActiveCfg = Debug|Any CPU
		{C0109BC2-0EE2-400D-966E-A91B296E46FD}.Debug|Any CPU.Build.0 = Debug|Any CPU
		{C0109BC2-0EE2-400D-966E-A91B296E46FD}.Release|Any CPU.ActiveCfg = Release|Any CPU
		{C0109BC2-0EE2-400D-966E-A91B296E46FD}.Release|Any CPU.Build.0 = Release|Any CPU
	EndGlobalSection
	GlobalSection(SolutionProperties) = preSolution
		HideSolutionNode = FALSE
	EndGlobalSection
	GlobalSection(ExtensibilityGlobals) = postSolution
		SolutionGuid = {EFF120F9-44C8-4D64-BB5B-163DBD3CAFDF}
	EndGlobalSection
EndGlobal
